// !$*UTF8*$!
{
	archiveVersion = 1;
	classes = {
	};
	objectVersion = 46;
	objects = {

/* Begin PBXBuildFile section */
		6A0868161CB647F8004F9BED /* AppDelegate.swift in Sources */ = {isa = PBXBuildFile; fileRef = 6A0868151CB647F8004F9BED /* AppDelegate.swift */; };
		6A0868181CB647F8004F9BED /* ViewController.swift in Sources */ = {isa = PBXBuildFile; fileRef = 6A0868171CB647F8004F9BED /* ViewController.swift */; };
		6A08681B1CB647F8004F9BED /* Main.storyboard in Resources */ = {isa = PBXBuildFile; fileRef = 6A0868191CB647F8004F9BED /* Main.storyboard */; };
		6A08681E1CB647F8004F9BED /* YNWAModel.xcdatamodeld in Sources */ = {isa = PBXBuildFile; fileRef = 6A08681C1CB647F8004F9BED /* YNWAModel.xcdatamodeld */; };
		6A0868201CB647F8004F9BED /* Assets.xcassets in Resources */ = {isa = PBXBuildFile; fileRef = 6A08681F1CB647F8004F9BED /* Assets.xcassets */; };
		6A0868231CB647F8004F9BED /* LaunchScreen.storyboard in Resources */ = {isa = PBXBuildFile; fileRef = 6A0868211CB647F8004F9BED /* LaunchScreen.storyboard */; };
		6A08682E1CB647F9004F9BED /* YNWAModelTests.swift in Sources */ = {isa = PBXBuildFile; fileRef = 6A08682D1CB647F9004F9BED /* YNWAModelTests.swift */; };
/* End PBXBuildFile section */

/* Begin PBXContainerItemProxy section */
		6A08682A1CB647F9004F9BED /* PBXContainerItemProxy */ = {
			isa = PBXContainerItemProxy;
			containerPortal = 6A08680A1CB647F8004F9BED /* Project object */;
			proxyType = 1;
			remoteGlobalIDString = 6A0868111CB647F8004F9BED;
			remoteInfo = YNWAModel;
		};
/* End PBXContainerItemProxy section */

/* Begin PBXFileReference section */
		6A0868121CB647F8004F9BED /* YNWAModel.app */ = {isa = PBXFileReference; explicitFileType = wrapper.application; includeInIndex = 0; path = YNWAModel.app; sourceTree = BUILT_PRODUCTS_DIR; };
		6A0868151CB647F8004F9BED /* AppDelegate.swift */ = {isa = PBXFileReference; lastKnownFileType = sourcecode.swift; path = AppDelegate.swift; sourceTree = "<group>"; };
		6A0868171CB647F8004F9BED /* ViewController.swift */ = {isa = PBXFileReference; lastKnownFileType = sourcecode.swift; path = ViewController.swift; sourceTree = "<group>"; };
		6A08681A1CB647F8004F9BED /* Base */ = {isa = PBXFileReference; lastKnownFileType = file.storyboard; name = Base; path = Base.lproj/Main.storyboard; sourceTree = "<group>"; };
		6A08681D1CB647F8004F9BED /* YNWAModel.xcdatamodel */ = {isa = PBXFileReference; lastKnownFileType = wrapper.xcdatamodel; path = YNWAModel.xcdatamodel; sourceTree = "<group>"; };
		6A08681F1CB647F8004F9BED /* Assets.xcassets */ = {isa = PBXFileReference; lastKnownFileType = folder.assetcatalog; path = Assets.xcassets; sourceTree = "<group>"; };
		6A0868221CB647F8004F9BED /* Base */ = {isa = PBXFileReference; lastKnownFileType = file.storyboard; name = Base; path = Base.lproj/LaunchScreen.storyboard; sourceTree = "<group>"; };
		6A0868241CB647F8004F9BED /* Info.plist */ = {isa = PBXFileReference; lastKnownFileType = text.plist.xml; path = Info.plist; sourceTree = "<group>"; };
		6A0868291CB647F9004F9BED /* YNWAModelTests.xctest */ = {isa = PBXFileReference; explicitFileType = wrapper.cfbundle; includeInIndex = 0; path = YNWAModelTests.xctest; sourceTree = BUILT_PRODUCTS_DIR; };
		6A08682D1CB647F9004F9BED /* YNWAModelTests.swift */ = {isa = PBXFileReference; lastKnownFileType = sourcecode.swift; path = YNWAModelTests.swift; sourceTree = "<group>"; };
		6A08682F1CB647F9004F9BED /* Info.plist */ = {isa = PBXFileReference; lastKnownFileType = text.plist.xml; path = Info.plist; sourceTree = "<group>"; };
/* End PBXFileReference section */

/* Begin PBXFrameworksBuildPhase section */
		6A08680F1CB647F8004F9BED /* Frameworks */ = {
			isa = PBXFrameworksBuildPhase;
			buildActionMask = 2147483647;
			files = (
			);
			runOnlyForDeploymentPostprocessing = 0;
		};
		6A0868261CB647F9004F9BED /* Frameworks */ = {
			isa = PBXFrameworksBuildPhase;
			buildActionMask = 2147483647;
			files = (
			);
			runOnlyForDeploymentPostprocessing = 0;
		};
/* End PBXFrameworksBuildPhase section */

/* Begin PBXGroup section */
		6A0868091CB647F8004F9BED = {
			isa = PBXGroup;
			children = (
				6A0868141CB647F8004F9BED /* YNWAModel */,
				6A08682C1CB647F9004F9BED /* YNWAModelTests */,
				6A0868131CB647F8004F9BED /* Products */,
			);
			sourceTree = "<group>";
		};
		6A0868131CB647F8004F9BED /* Products */ = {
			isa = PBXGroup;
			children = (
				6A0868121CB647F8004F9BED /* YNWAModel.app */,
				6A0868291CB647F9004F9BED /* YNWAModelTests.xctest */,
			);
			name = Products;
			sourceTree = "<group>";
		};
		6A0868141CB647F8004F9BED /* YNWAModel */ = {
			isa = PBXGroup;
			children = (
				6A0868151CB647F8004F9BED /* AppDelegate.swift */,
				6A0868171CB647F8004F9BED /* ViewController.swift */,
				6A0868191CB647F8004F9BED /* Main.storyboard */,
				6A08681F1CB647F8004F9BED /* Assets.xcassets */,
				6A0868211CB647F8004F9BED /* LaunchScreen.storyboard */,
				6A0868241CB647F8004F9BED /* Info.plist */,
				6A08681C1CB647F8004F9BED /* YNWAModel.xcdatamodeld */,
			);
			path = YNWAModel;
			sourceTree = "<group>";
		};
		6A08682C1CB647F9004F9BED /* YNWAModelTests */ = {
			isa = PBXGroup;
			children = (
				6A08682D1CB647F9004F9BED /* YNWAModelTests.swift */,
				6A08682F1CB647F9004F9BED /* Info.plist */,
			);
			path = YNWAModelTests;
			sourceTree = "<group>";
		};
/* End PBXGroup section */

/* Begin PBXNativeTarget section */
		6A0868111CB647F8004F9BED /* YNWAModel */ = {
			isa = PBXNativeTarget;
			buildConfigurationList = 6A0868321CB647F9004F9BED /* Build configuration list for PBXNativeTarget "YNWAModel" */;
			buildPhases = (
				6A08680E1CB647F8004F9BED /* Sources */,
				6A08680F1CB647F8004F9BED /* Frameworks */,
				6A0868101CB647F8004F9BED /* Resources */,
			);
			buildRules = (
			);
			dependencies = (
			);
			name = YNWAModel;
			productName = YNWAModel;
			productReference = 6A0868121CB647F8004F9BED /* YNWAModel.app */;
			productType = "com.apple.product-type.application";
		};
		6A0868281CB647F9004F9BED /* YNWAModelTests */ = {
			isa = PBXNativeTarget;
			buildConfigurationList = 6A0868351CB647F9004F9BED /* Build configuration list for PBXNativeTarget "YNWAModelTests" */;
			buildPhases = (
				6A0868251CB647F9004F9BED /* Sources */,
				6A0868261CB647F9004F9BED /* Frameworks */,
				6A0868271CB647F9004F9BED /* Resources */,
			);
			buildRules = (
			);
			dependencies = (
				6A08682B1CB647F9004F9BED /* PBXTargetDependency */,
			);
			name = YNWAModelTests;
			productName = YNWAModelTests;
			productReference = 6A0868291CB647F9004F9BED /* YNWAModelTests.xctest */;
			productType = "com.apple.product-type.bundle.unit-test";
		};
/* End PBXNativeTarget section */

/* Begin PBXProject section */
		6A08680A1CB647F8004F9BED /* Project object */ = {
			isa = PBXProject;
			attributes = {
				LastSwiftUpdateCheck = 0730;
				LastUpgradeCheck = 0730;
				ORGANIZATIONNAME = thanhbinhtran;
				TargetAttributes = {
					6A0868111CB647F8004F9BED = {
						CreatedOnToolsVersion = 7.3;
						DevelopmentTeam = NFT4GE2J25;
					};
					6A0868281CB647F9004F9BED = {
						CreatedOnToolsVersion = 7.3;
						DevelopmentTeam = NFT4GE2J25;
						TestTargetID = 6A0868111CB647F8004F9BED;
					};
				};
			};
			buildConfigurationList = 6A08680D1CB647F8004F9BED /* Build configuration list for PBXProject "YNWAModel" */;
			compatibilityVersion = "Xcode 3.2";
			developmentRegion = English;
			hasScannedForEncodings = 0;
			knownRegions = (
				en,
				Base,
			);
			mainGroup = 6A0868091CB647F8004F9BED;
			productRefGroup = 6A0868131CB647F8004F9BED /* Products */;
			projectDirPath = "";
			projectRoot = "";
			targets = (
				6A0868111CB647F8004F9BED /* YNWAModel */,
				6A0868281CB647F9004F9BED /* YNWAModelTests */,
			);
		};
/* End PBXProject section */

/* Begin PBXResourcesBuildPhase section */
		6A0868101CB647F8004F9BED /* Resources */ = {
			isa = PBXResourcesBuildPhase;
			buildActionMask = 2147483647;
			files = (
				6A0868231CB647F8004F9BED /* LaunchScreen.storyboard in Resources */,
				6A0868201CB647F8004F9BED /* Assets.xcassets in Resources */,
				6A08681B1CB647F8004F9BED /* Main.storyboard in Resources */,
			);
			runOnlyForDeploymentPostprocessing = 0;
		};
		6A0868271CB647F9004F9BED /* Resources */ = {
			isa = PBXResourcesBuildPhase;
			buildActionMask = 2147483647;
			files = (
			);
			runOnlyForDeploymentPostprocessing = 0;
		};
/* End PBXResourcesBuildPhase section */

/* Begin PBXSourcesBuildPhase section */
		6A08680E1CB647F8004F9BED /* Sources */ = {
			isa = PBXSourcesBuildPhase;
			buildActionMask = 2147483647;
			files = (
				6A08681E1CB647F8004F9BED /* YNWAModel.xcdatamodeld in Sources */,
				6A0868181CB647F8004F9BED /* ViewController.swift in Sources */,
				6A0868161CB647F8004F9BED /* AppDelegate.swift in Sources */,
			);
			runOnlyForDeploymentPostprocessing = 0;
		};
		6A0868251CB647F9004F9BED /* Sources */ = {
			isa = PBXSourcesBuildPhase;
			buildActionMask = 2147483647;
			files = (
				6A08682E1CB647F9004F9BED /* YNWAModelTests.swift in Sources */,
			);
			runOnlyForDeploymentPostprocessing = 0;
		};
/* End PBXSourcesBuildPhase section */

/* Begin PBXTargetDependency section */
		6A08682B1CB647F9004F9BED /* PBXTargetDependency */ = {
			isa = PBXTargetDependency;
			target = 6A0868111CB647F8004F9BED /* YNWAModel */;
			targetProxy = 6A08682A1CB647F9004F9BED /* PBXContainerItemProxy */;
		};
/* End PBXTargetDependency section */

/* Begin PBXVariantGroup section */
		6A0868191CB647F8004F9BED /* Main.storyboard */ = {
			isa = PBXVariantGroup;
			children = (
				6A08681A1CB647F8004F9BED /* Base */,
			);
			name = Main.storyboard;
			sourceTree = "<group>";
		};
		6A0868211CB647F8004F9BED /* LaunchScreen.storyboard */ = {
			isa = PBXVariantGroup;
			children = (
				6A0868221CB647F8004F9BED /* Base */,
			);
			name = LaunchScreen.storyboard;
			sourceTree = "<group>";
		};
/* End PBXVariantGroup section */

/* Begin XCBuildConfiguration section */
		6A0868301CB647F9004F9BED /* Debug */ = {
			isa = XCBuildConfiguration;
			buildSettings = {
				ALWAYS_SEARCH_USER_PATHS = NO;
				CLANG_ANALYZER_NONNULL = YES;
				CLANG_CXX_LANGUAGE_STANDARD = "gnu++0x";
				CLANG_CXX_LIBRARY = "libc++";
				CLANG_ENABLE_MODULES = YES;
				CLANG_ENABLE_OBJC_ARC = YES;
				CLANG_WARN_BOOL_CONVERSION = YES;
				CLANG_WARN_CONSTANT_CONVERSION = YES;
				CLANG_WARN_DIRECT_OBJC_ISA_USAGE = YES_ERROR;
				CLANG_WARN_EMPTY_BODY = YES;
				CLANG_WARN_ENUM_CONVERSION = YES;
				CLANG_WARN_INT_CONVERSION = YES;
				CLANG_WARN_OBJC_ROOT_CLASS = YES_ERROR;
				CLANG_WARN_UNREACHABLE_CODE = YES;
				CLANG_WARN__DUPLICATE_METHOD_MATCH = YES;
				"CODE_SIGN_IDENTITY[sdk=iphoneos*]" = "iPhone Developer";
				COPY_PHASE_STRIP = NO;
				DEBUG_INFORMATION_FORMAT = dwarf;
				ENABLE_STRICT_OBJC_MSGSEND = YES;
				ENABLE_TESTABILITY = YES;
				GCC_C_LANGUAGE_STANDARD = gnu99;
				GCC_DYNAMIC_NO_PIC = NO;
				GCC_NO_COMMON_BLOCKS = YES;
				GCC_OPTIMIZATION_LEVEL = 0;
				GCC_PREPROCESSOR_DEFINITIONS = (
					"DEBUG=1",
					"$(inherited)",
				);
				GCC_WARN_64_TO_32_BIT_CONVERSION = YES;
				GCC_WARN_ABOUT_RETURN_TYPE = YES_ERROR;
				GCC_WARN_UNDECLARED_SELECTOR = YES;
				GCC_WARN_UNINITIALIZED_AUTOS = YES_AGGRESSIVE;
				GCC_WARN_UNUSED_FUNCTION = YES;
				GCC_WARN_UNUSED_VARIABLE = YES;
				IPHONEOS_DEPLOYMENT_TARGET = 9.3;
				MTL_ENABLE_DEBUG_INFO = YES;
				ONLY_ACTIVE_ARCH = YES;
				SDKROOT = iphoneos;
				SWIFT_OPTIMIZATION_LEVEL = "-Onone";
				TARGETED_DEVICE_FAMILY = "1,2";
			};
			name = Debug;
		};
		6A0868311CB647F9004F9BED /* Release */ = {
			isa = XCBuildConfiguration;
			buildSettings = {
				ALWAYS_SEARCH_USER_PATHS = NO;
				CLANG_ANALYZER_NONNULL = YES;
				CLANG_CXX_LANGUAGE_STANDARD = "gnu++0x";
				CLANG_CXX_LIBRARY = "libc++";
				CLANG_ENABLE_MODULES = YES;
				CLANG_ENABLE_OBJC_ARC = YES;
				CLANG_WARN_BOOL_CONVERSION = YES;
				CLANG_WARN_CONSTANT_CONVERSION = YES;
				CLANG_WARN_DIRECT_OBJC_ISA_USAGE = YES_ERROR;
				CLANG_WARN_EMPTY_BODY = YES;
				CLANG_WARN_ENUM_CONVERSION = YES;
				CLANG_WARN_INT_CONVERSION = YES;
				CLANG_WARN_OBJC_ROOT_CLASS = YES_ERROR;
				CLANG_WARN_UNREACHABLE_CODE = YES;
				CLANG_WARN__DUPLICATE_METHOD_MATCH = YES;
				"CODE_SIGN_IDENTITY[sdk=iphoneos*]" = "iPhone Developer";
				COPY_PHASE_STRIP = NO;
				DEBUG_INFORMATION_FORMAT = "dwarf-with-dsym";
				ENABLE_NS_ASSERTIONS = NO;
				ENABLE_STRICT_OBJC_MSGSEND = YES;
				GCC_C_LANGUAGE_STANDARD = gnu99;
				GCC_NO_COMMON_BLOCKS = YES;
				GCC_WARN_64_TO_32_BIT_CONVERSION = YES;
				GCC_WARN_ABOUT_RETURN_TYPE = YES_ERROR;
				GCC_WARN_UNDECLARED_SELECTOR = YES;
				GCC_WARN_UNINITIALIZED_AUTOS = YES_AGGRESSIVE;
				GCC_WARN_UNUSED_FUNCTION = YES;
				GCC_WARN_UNUSED_VARIABLE = YES;
				IPHONEOS_DEPLOYMENT_TARGET = 9.3;
				MTL_ENABLE_DEBUG_INFO = NO;
				SDKROOT = iphoneos;
				TARGETED_DEVICE_FAMILY = "1,2";
				VALIDATE_PRODUCT = YES;
			};
			name = Release;
		};
		6A0868331CB647F9004F9BED /* Debug */ = {
			isa = XCBuildConfiguration;
			buildSettings = {
				ASSETCATALOG_COMPILER_APPICON_NAME = AppIcon;
				INFOPLIST_FILE = YNWAModel/Info.plist;
				LD_RUNPATH_SEARCH_PATHS = "$(inherited) @executable_path/Frameworks";
				PRODUCT_BUNDLE_IDENTIFIER = fi.metropolia.YNWAModel;
				PRODUCT_NAME = "$(TARGET_NAME)";
			};
			name = Debug;
		};
		6A0868341CB647F9004F9BED /* Release */ = {
			isa = XCBuildConfiguration;
			buildSettings = {
				ASSETCATALOG_COMPILER_APPICON_NAME = AppIcon;
				INFOPLIST_FILE = YNWAModel/Info.plist;
				LD_RUNPATH_SEARCH_PATHS = "$(inherited) @executable_path/Frameworks";
				PRODUCT_BUNDLE_IDENTIFIER = fi.metropolia.YNWAModel;
				PRODUCT_NAME = "$(TARGET_NAME)";
			};
			name = Release;
		};
		6A0868361CB647F9004F9BED /* Debug */ = {
			isa = XCBuildConfiguration;
			buildSettings = {
				BUNDLE_LOADER = "$(TEST_HOST)";
				INFOPLIST_FILE = YNWAModelTests/Info.plist;
				LD_RUNPATH_SEARCH_PATHS = "$(inherited) @executable_path/Frameworks @loader_path/Frameworks";
				PRODUCT_BUNDLE_IDENTIFIER = fi.metropolia.YNWAModelTests;
				PRODUCT_NAME = "$(TARGET_NAME)";
				TEST_HOST = "$(BUILT_PRODUCTS_DIR)/YNWAModel.app/YNWAModel";
			};
			name = Debug;
		};
		6A0868371CB647F9004F9BED /* Release */ = {
			isa = XCBuildConfiguration;
			buildSettings = {
				BUNDLE_LOADER = "$(TEST_HOST)";
				INFOPLIST_FILE = YNWAModelTests/Info.plist;
				LD_RUNPATH_SEARCH_PATHS = "$(inherited) @executable_path/Frameworks @loader_path/Frameworks";
				PRODUCT_BUNDLE_IDENTIFIER = fi.metropolia.YNWAModelTests;
				PRODUCT_NAME = "$(TARGET_NAME)";
				TEST_HOST = "$(BUILT_PRODUCTS_DIR)/YNWAModel.app/YNWAModel";
			};
			name = Release;
		};
/* End XCBuildConfiguration section */

/* Begin XCConfigurationList section */
		6A08680D1CB647F8004F9BED /* Build configuration list for PBXProject "YNWAModel" */ = {
			isa = XCConfigurationList;
			buildConfigurations = (
				6A0868301CB647F9004F9BED /* Debug */,
				6A0868311CB647F9004F9BED /* Release */,
			);
			defaultConfigurationIsVisible = 0;
			defaultConfigurationName = Release;
		};
		6A0868321CB647F9004F9BED /* Build configuration list for PBXNativeTarget "YNWAModel" */ = {
			isa = XCConfigurationList;
			buildConfigurations = (
				6A0868331CB647F9004F9BED /* Debug */,
				6A0868341CB647F9004F9BED /* Release */,
			);
			defaultConfigurationIsVisible = 0;
		};
		6A0868351CB647F9004F9BED /* Build configuration list for PBXNativeTarget "YNWAModelTests" */ = {
			isa = XCConfigurationList;
			buildConfigurations = (
				6A0868361CB647F9004F9BED /* Debug */,
				6A0868371CB647F9004F9BED /* Release */,
			);
			defaultConfigurationIsVisible = 0;
		};
/* End XCConfigurationList section */

/* Begin XCVersionGroup section */
		6A08681C1CB647F8004F9BED /* YNWAModel.xcdatamodeld */ = {
			isa = XCVersionGroup;
			children = (
				6A08681D1CB647F8004F9BED /* YNWAModel.xcdatamodel */,
			);
			currentVersion = 6A08681D1CB647F8004F9BED /* YNWAModel.xcdatamodel */;
			path = YNWAModel.xcdatamodeld;
			sourceTree = "<group>";
			versionGroupType = wrapper.xcdatamodel;
		};
/* End XCVersionGroup section */
	};
	rootObject = 6A08680A1CB647F8004F9BED /* Project object */;
}
